// !$*UTF8*$!
{
	archiveVersion = 1;
	classes = {
	};
	objectVersion = 77;
	objects = {

/* Begin PBXContainerItemProxy section */
		CED699FE2CA3EED500B6B6DF /* PBXContainerItemProxy */ = {
			isa = PBXContainerItemProxy;
			containerPortal = CED699E52CA3EED300B6B6DF /* Project object */;
			proxyType = 1;
			remoteGlobalIDString = CED699EC2CA3EED300B6B6DF;
			remoteInfo = Gitttttt;
		};
		CED69A082CA3EED500B6B6DF /* PBXContainerItemProxy */ = {
			isa = PBXContainerItemProxy;
			containerPortal = CED699E52CA3EED300B6B6DF /* Project object */;
			proxyType = 1;
			remoteGlobalIDString = CED699EC2CA3EED300B6B6DF;
			remoteInfo = Gitttttt;
		};
/* End PBXContainerItemProxy section */

/* Begin PBXFileReference section */
		CED699ED2CA3EED300B6B6DF /* Gitttttt.app */ = {isa = PBXFileReference; explicitFileType = wrapper.application; includeInIndex = 0; path = Gitttttt.app; sourceTree = BUILT_PRODUCTS_DIR; };
		CED699FD2CA3EED500B6B6DF /* GittttttTests.xctest */ = {isa = PBXFileReference; explicitFileType = wrapper.cfbundle; includeInIndex = 0; path = GittttttTests.xctest; sourceTree = BUILT_PRODUCTS_DIR; };
		CED69A072CA3EED500B6B6DF /* GittttttUITests.xctest */ = {isa = PBXFileReference; explicitFileType = wrapper.cfbundle; includeInIndex = 0; path = GittttttUITests.xctest; sourceTree = BUILT_PRODUCTS_DIR; };
/* End PBXFileReference section */

/* Begin PBXFileSystemSynchronizedRootGroup section */
		CED699EF2CA3EED300B6B6DF /* Gitttttt */ = {
			isa = PBXFileSystemSynchronizedRootGroup;
			path = Gitttttt;
			sourceTree = "<group>";
		};
		CED69A002CA3EED500B6B6DF /* GittttttTests */ = {
			isa = PBXFileSystemSynchronizedRootGroup;
			path = GittttttTests;
			sourceTree = "<group>";
		};
		CED69A0A2CA3EED500B6B6DF /* GittttttUITests */ = {
			isa = PBXFileSystemSynchronizedRootGroup;
			path = GittttttUITests;
			sourceTree = "<group>";
		};
/* End PBXFileSystemSynchronizedRootGroup section */

/* Begin PBXFrameworksBuildPhase section */
		CED699EA2CA3EED300B6B6DF /* Frameworks */ = {
			isa = PBXFrameworksBuildPhase;
			buildActionMask = 2147483647;
			files = (
			);
			runOnlyForDeploymentPostprocessing = 0;
		};
		CED699FA2CA3EED500B6B6DF /* Frameworks */ = {
			isa = PBXFrameworksBuildPhase;
			buildActionMask = 2147483647;
			files = (
			);
			runOnlyForDeploymentPostprocessing = 0;
		};
		CED69A042CA3EED500B6B6DF /* Frameworks */ = {
			isa = PBXFrameworksBuildPhase;
			buildActionMask = 2147483647;
			files = (
			);
			runOnlyForDeploymentPostprocessing = 0;
		};
/* End PBXFrameworksBuildPhase section */

/* Begin PBXGroup section */
		CED699E42CA3EED300B6B6DF = {
			isa = PBXGroup;
			children = (
				CED699EF2CA3EED300B6B6DF /* Gitttttt */,
				CED69A002CA3EED500B6B6DF /* GittttttTests */,
				CED69A0A2CA3EED500B6B6DF /* GittttttUITests */,
				CED699EE2CA3EED300B6B6DF /* Products */,
			);
			sourceTree = "<group>";
		};
		CED699EE2CA3EED300B6B6DF /* Products */ = {
			isa = PBXGroup;
			children = (
				CED699ED2CA3EED300B6B6DF /* Gitttttt.app */,
				CED699FD2CA3EED500B6B6DF /* GittttttTests.xctest */,
				CED69A072CA3EED500B6B6DF /* GittttttUITests.xctest */,
			);
			name = Products;
			sourceTree = "<group>";
		};
/* End PBXGroup section */

/* Begin PBXNativeTarget section */
		CED699EC2CA3EED300B6B6DF /* Gitttttt */ = {
			isa = PBXNativeTarget;
			buildConfigurationList = CED69A112CA3EED500B6B6DF /* Build configuration list for PBXNativeTarget "Gitttttt" */;
			buildPhases = (
				CED699E92CA3EED300B6B6DF /* Sources */,
				CED699EA2CA3EED300B6B6DF /* Frameworks */,
				CED699EB2CA3EED300B6B6DF /* Resources */,
			);
			buildRules = (
			);
			dependencies = (
			);
			fileSystemSynchronizedGroups = (
				CED699EF2CA3EED300B6B6DF /* Gitttttt */,
			);
			name = Gitttttt;
			packageProductDependencies = (
			);
			productName = Gitttttt;
			productReference = CED699ED2CA3EED300B6B6DF /* Gitttttt.app */;
			productType = "com.apple.product-type.application";
		};
		CED699FC2CA3EED500B6B6DF /* GittttttTests */ = {
			isa = PBXNativeTarget;
			buildConfigurationList = CED69A142CA3EED500B6B6DF /* Build configuration list for PBXNativeTarget "GittttttTests" */;
			buildPhases = (
				CED699F92CA3EED500B6B6DF /* Sources */,
				CED699FA2CA3EED500B6B6DF /* Frameworks */,
				CED699FB2CA3EED500B6B6DF /* Resources */,
			);
			buildRules = (
			);
			dependencies = (
				CED699FF2CA3EED500B6B6DF /* PBXTargetDependency */,
			);
			fileSystemSynchronizedGroups = (
				CED69A002CA3EED500B6B6DF /* GittttttTests */,
			);
			name = GittttttTests;
			packageProductDependencies = (
			);
			productName = GittttttTests;
			productReference = CED699FD2CA3EED500B6B6DF /* GittttttTests.xctest */;
			productType = "com.apple.product-type.bundle.unit-test";
		};
		CED69A062CA3EED500B6B6DF /* GittttttUITests */ = {
			isa = PBXNativeTarget;
			buildConfigurationList = CED69A172CA3EED500B6B6DF /* Build configuration list for PBXNativeTarget "GittttttUITests" */;
			buildPhases = (
				CED69A032CA3EED500B6B6DF /* Sources */,
				CED69A042CA3EED500B6B6DF /* Frameworks */,
				CED69A052CA3EED500B6B6DF /* Resources */,
			);
			buildRules = (
			);
			dependencies = (
				CED69A092CA3EED500B6B6DF /* PBXTargetDependency */,
			);
			fileSystemSynchronizedGroups = (
				CED69A0A2CA3EED500B6B6DF /* GittttttUITests */,
			);
			name = GittttttUITests;
			packageProductDependencies = (
			);
			productName = GittttttUITests;
			productReference = CED69A072CA3EED500B6B6DF /* GittttttUITests.xctest */;
			productType = "com.apple.product-type.bundle.ui-testing";
		};
/* End PBXNativeTarget section */

/* Begin PBXProject section */
		CED699E52CA3EED300B6B6DF /* Project object */ = {
			isa = PBXProject;
			attributes = {
				BuildIndependentTargetsInParallel = 1;
				LastSwiftUpdateCheck = 1600;
				LastUpgradeCheck = 1600;
				TargetAttributes = {
					CED699EC2CA3EED300B6B6DF = {
						CreatedOnToolsVersion = 16.0;
					};
					CED699FC2CA3EED500B6B6DF = {
						CreatedOnToolsVersion = 16.0;
						TestTargetID = CED699EC2CA3EED300B6B6DF;
					};
					CED69A062CA3EED500B6B6DF = {
						CreatedOnToolsVersion = 16.0;
						TestTargetID = CED699EC2CA3EED300B6B6DF;
					};
				};
			};
			buildConfigurationList = CED699E82CA3EED300B6B6DF /* Build configuration list for PBXProject "Gitttttt" */;
			developmentRegion = en;
			hasScannedForEncodings = 0;
			knownRegions = (
				en,
				Base,
			);
			mainGroup = CED699E42CA3EED300B6B6DF;
			minimizedProjectReferenceProxies = 1;
			preferredProjectObjectVersion = 77;
			productRefGroup = CED699EE2CA3EED300B6B6DF /* Products */;
			projectDirPath = "";
			projectRoot = "";
			targets = (
				CED699EC2CA3EED300B6B6DF /* Gitttttt */,
				CED699FC2CA3EED500B6B6DF /* GittttttTests */,
				CED69A062CA3EED500B6B6DF /* GittttttUITests */,
			);
		};
/* End PBXProject section */

/* Begin PBXResourcesBuildPhase section */
		CED699EB2CA3EED300B6B6DF /* Resources */ = {
			isa = PBXResourcesBuildPhase;
			buildActionMask = 2147483647;
			files = (
			);
			runOnlyForDeploymentPostprocessing = 0;
		};
		CED699FB2CA3EED500B6B6DF /* Resources */ = {
			isa = PBXResourcesBuildPhase;
			buildActionMask = 2147483647;
			files = (
			);
			runOnlyForDeploymentPostprocessing = 0;
		};
		CED69A052CA3EED500B6B6DF /* Resources */ = {
			isa = PBXResourcesBuildPhase;
			buildActionMask = 2147483647;
			files = (
			);
			runOnlyForDeploymentPostprocessing = 0;
		};
/* End PBXResourcesBuildPhase section */

/* Begin PBXSourcesBuildPhase section */
		CED699E92CA3EED300B6B6DF /* Sources */ = {
			isa = PBXSourcesBuildPhase;
			buildActionMask = 2147483647;
			files = (
			);
			runOnlyForDeploymentPostprocessing = 0;
		};
		CED699F92CA3EED500B6B6DF /* Sources */ = {
			isa = PBXSourcesBuildPhase;
			buildActionMask = 2147483647;
			files = (
			);
			runOnlyForDeploymentPostprocessing = 0;
		};
		CED69A032CA3EED500B6B6DF /* Sources */ = {
			isa = PBXSourcesBuildPhase;
			buildActionMask = 2147483647;
			files = (
			);
			runOnlyForDeploymentPostprocessing = 0;
		};
/* End PBXSourcesBuildPhase section */

/* Begin PBXTargetDependency section */
		CED699FF2CA3EED500B6B6DF /* PBXTargetDependency */ = {
			isa = PBXTargetDependency;
			target = CED699EC2CA3EED300B6B6DF /* Gitttttt */;
			targetProxy = CED699FE2CA3EED500B6B6DF /* PBXContainerItemProxy */;
		};
		CED69A092CA3EED500B6B6DF /* PBXTargetDependency */ = {
			isa = PBXTargetDependency;
			target = CED699EC2CA3EED300B6B6DF /* Gitttttt */;
			targetProxy = CED69A082CA3EED500B6B6DF /* PBXContainerItemProxy */;
		};
/* End PBXTargetDependency section */

/* Begin XCBuildConfiguration section */
		CED69A0F2CA3EED500B6B6DF /* Debug */ = {
			isa = XCBuildConfiguration;
			buildSettings = {
				ALWAYS_SEARCH_USER_PATHS = NO;
				ASSETCATALOG_COMPILER_GENERATE_SWIFT_ASSET_SYMBOL_EXTENSIONS = YES;
				CLANG_ANALYZER_NONNULL = YES;
				CLANG_ANALYZER_NUMBER_OBJECT_CONVERSION = YES_AGGRESSIVE;
				CLANG_CXX_LANGUAGE_STANDARD = "gnu++20";
				CLANG_ENABLE_MODULES = YES;
				CLANG_ENABLE_OBJC_ARC = YES;
				CLANG_ENABLE_OBJC_WEAK = YES;
				CLANG_WARN_BLOCK_CAPTURE_AUTORELEASING = YES;
				CLANG_WARN_BOOL_CONVERSION = YES;
				CLANG_WARN_COMMA = YES;
				CLANG_WARN_CONSTANT_CONVERSION = YES;
				CLANG_WARN_DEPRECATED_OBJC_IMPLEMENTATIONS = YES;
				CLANG_WARN_DIRECT_OBJC_ISA_USAGE = YES_ERROR;
				CLANG_WARN_DOCUMENTATION_COMMENTS = YES;
				CLANG_WARN_EMPTY_BODY = YES;
				CLANG_WARN_ENUM_CONVERSION = YES;
				CLANG_WARN_INFINITE_RECURSION = YES;
				CLANG_WARN_INT_CONVERSION = YES;
				CLANG_WARN_NON_LITERAL_NULL_CONVERSION = YES;
				CLANG_WARN_OBJC_IMPLICIT_RETAIN_SELF = YES;
				CLANG_WARN_OBJC_LITERAL_CONVERSION = YES;
				CLANG_WARN_OBJC_ROOT_CLASS = YES_ERROR;
				CLANG_WARN_QUOTED_INCLUDE_IN_FRAMEWORK_HEADER = YES;
				CLANG_WARN_RANGE_LOOP_ANALYSIS = YES;
				CLANG_WARN_STRICT_PROTOTYPES = YES;
				CLANG_WARN_SUSPICIOUS_MOVE = YES;
				CLANG_WARN_UNGUARDED_AVAILABILITY = YES_AGGRESSIVE;
				CLANG_WARN_UNREACHABLE_CODE = YES;
				CLANG_WARN__DUPLICATE_METHOD_MATCH = YES;
				COPY_PHASE_STRIP = NO;
				DEBUG_INFORMATION_FORMAT = dwarf;
				ENABLE_STRICT_OBJC_MSGSEND = YES;
				ENABLE_TESTABILITY = YES;
				ENABLE_USER_SCRIPT_SANDBOXING = YES;
				GCC_C_LANGUAGE_STANDARD = gnu17;
				GCC_DYNAMIC_NO_PIC = NO;
				GCC_NO_COMMON_BLOCKS = YES;
				GCC_OPTIMIZATION_LEVEL = 0;
				GCC_PREPROCESSOR_DEFINITIONS = (
					"DEBUG=1",
					"$(inherited)",
				);
				GCC_WARN_64_TO_32_BIT_CONVERSION = YES;
				GCC_WARN_ABOUT_RETURN_TYPE = YES_ERROR;
				GCC_WARN_UNDECLARED_SELECTOR = YES;
				GCC_WARN_UNINITIALIZED_AUTOS = YES_AGGRESSIVE;
				GCC_WARN_UNUSED_FUNCTION = YES;
				GCC_WARN_UNUSED_VARIABLE = YES;
				IPHONEOS_DEPLOYMENT_TARGET = 18.0;
				LOCALIZATION_PREFERS_STRING_CATALOGS = YES;
				MTL_ENABLE_DEBUG_INFO = INCLUDE_SOURCE;
				MTL_FAST_MATH = YES;
				ONLY_ACTIVE_ARCH = YES;
				SDKROOT = iphoneos;
				SWIFT_ACTIVE_COMPILATION_CONDITIONS = "DEBUG $(inherited)";
				SWIFT_OPTIMIZATION_LEVEL = "-Onone";
			};
			name = Debug;
		};
		CED69A102CA3EED500B6B6DF /* Release */ = {
			isa = XCBuildConfiguration;
			buildSettings = {
				ALWAYS_SEARCH_USER_PATHS = NO;
				ASSETCATALOG_COMPILER_GENERATE_SWIFT_ASSET_SYMBOL_EXTENSIONS = YES;
				CLANG_ANALYZER_NONNULL = YES;
				CLANG_ANALYZER_NUMBER_OBJECT_CONVERSION = YES_AGGRESSIVE;
				CLANG_CXX_LANGUAGE_STANDARD = "gnu++20";
				CLANG_ENABLE_MODULES = YES;
				CLANG_ENABLE_OBJC_ARC = YES;
				CLANG_ENABLE_OBJC_WEAK = YES;
				CLANG_WARN_BLOCK_CAPTURE_AUTORELEASING = YES;
				CLANG_WARN_BOOL_CONVERSION = YES;
				CLANG_WARN_COMMA = YES;
				CLANG_WARN_CONSTANT_CONVERSION = YES;
				CLANG_WARN_DEPRECATED_OBJC_IMPLEMENTATIONS = YES;
				CLANG_WARN_DIRECT_OBJC_ISA_USAGE = YES_ERROR;
				CLANG_WARN_DOCUMENTATION_COMMENTS = YES;
				CLANG_WARN_EMPTY_BODY = YES;
				CLANG_WARN_ENUM_CONVERSION = YES;
				CLANG_WARN_INFINITE_RECURSION = YES;
				CLANG_WARN_INT_CONVERSION = YES;
				CLANG_WARN_NON_LITERAL_NULL_CONVERSION = YES;
				CLANG_WARN_OBJC_IMPLICIT_RETAIN_SELF = YES;
				CLANG_WARN_OBJC_LITERAL_CONVERSION = YES;
				CLANG_WARN_OBJC_ROOT_CLASS = YES_ERROR;
				CLANG_WARN_QUOTED_INCLUDE_IN_FRAMEWORK_HEADER = YES;
				CLANG_WARN_RANGE_LOOP_ANALYSIS = YES;
				CLANG_WARN_STRICT_PROTOTYPES = YES;
				CLANG_WARN_SUSPICIOUS_MOVE = YES;
				CLANG_WARN_UNGUARDED_AVAILABILITY = YES_AGGRESSIVE;
				CLANG_WARN_UNREACHABLE_CODE = YES;
				CLANG_WARN__DUPLICATE_METHOD_MATCH = YES;
				COPY_PHASE_STRIP = NO;
				DEBUG_INFORMATION_FORMAT = "dwarf-with-dsym";
				ENABLE_NS_ASSERTIONS = NO;
				ENABLE_STRICT_OBJC_MSGSEND = YES;
				ENABLE_USER_SCRIPT_SANDBOXING = YES;
				GCC_C_LANGUAGE_STANDARD = gnu17;
				GCC_NO_COMMON_BLOCKS = YES;
				GCC_WARN_64_TO_32_BIT_CONVERSION = YES;
				GCC_WARN_ABOUT_RETURN_TYPE = YES_ERROR;
				GCC_WARN_UNDECLARED_SELECTOR = YES;
				GCC_WARN_UNINITIALIZED_AUTOS = YES_AGGRESSIVE;
				GCC_WARN_UNUSED_FUNCTION = YES;
				GCC_WARN_UNUSED_VARIABLE = YES;
				IPHONEOS_DEPLOYMENT_TARGET = 18.0;
				LOCALIZATION_PREFERS_STRING_CATALOGS = YES;
				MTL_ENABLE_DEBUG_INFO = NO;
				MTL_FAST_MATH = YES;
				SDKROOT = iphoneos;
				SWIFT_COMPILATION_MODE = wholemodule;
				VALIDATE_PRODUCT = YES;
			};
			name = Release;
		};
		CED69A122CA3EED500B6B6DF /* Debug */ = {
			isa = XCBuildConfiguration;
			buildSettings = {
				ASSETCATALOG_COMPILER_APPICON_NAME = AppIcon;
				ASSETCATALOG_COMPILER_GLOBAL_ACCENT_COLOR_NAME = AccentColor;
				CODE_SIGN_STYLE = Automatic;
				CURRENT_PROJECT_VERSION = 1;
				DEVELOPMENT_ASSET_PATHS = "\"Gitttttt/Preview Content\"";
				DEVELOPMENT_TEAM = 3MXZPFY9BD;
				ENABLE_PREVIEWS = YES;
				GENERATE_INFOPLIST_FILE = YES;
				INFOPLIST_KEY_UIApplicationSceneManifest_Generation = YES;
				INFOPLIST_KEY_UIApplicationSupportsIndirectInputEvents = YES;
				INFOPLIST_KEY_UILaunchScreen_Generation = YES;
				INFOPLIST_KEY_UISupportedInterfaceOrientations_iPad = "UIInterfaceOrientationPortrait UIInterfaceOrientationPortraitUpsideDown UIInterfaceOrientationLandscapeLeft UIInterfaceOrientationLandscapeRight";
				INFOPLIST_KEY_UISupportedInterfaceOrientations_iPhone = "UIInterfaceOrientationPortrait UIInterfaceOrientationLandscapeLeft UIInterfaceOrientationLandscapeRight";
				LD_RUNPATH_SEARCH_PATHS = (
					"$(inherited)",
					"@executable_path/Frameworks",
				);
				MARKETING_VERSION = 1.0;
				PRODUCT_BUNDLE_IDENTIFIER = com.marc.Gitttttt;
				PRODUCT_NAME = "$(TARGET_NAME)";
				SWIFT_EMIT_LOC_STRINGS = YES;
				SWIFT_VERSION = 5.0;
				TARGETED_DEVICE_FAMILY = "1,2";
			};
			name = Debug;
		};
		CED69A132CA3EED500B6B6DF /* Release */ = {
			isa = XCBuildConfiguration;
			buildSettings = {
				ASSETCATALOG_COMPILER_APPICON_NAME = AppIcon;
				ASSETCATALOG_COMPILER_GLOBAL_ACCENT_COLOR_NAME = AccentColor;
				CODE_SIGN_STYLE = Automatic;
				CURRENT_PROJECT_VERSION = 1;
				DEVELOPMENT_ASSET_PATHS = "\"Gitttttt/Preview Content\"";
				DEVELOPMENT_TEAM = 3MXZPFY9BD;
				ENABLE_PREVIEWS = YES;
				GENERATE_INFOPLIST_FILE = YES;
				INFOPLIST_KEY_UIApplicationSceneManifest_Generation = YES;
				INFOPLIST_KEY_UIApplicationSupportsIndirectInputEvents = YES;
				INFOPLIST_KEY_UILaunchScreen_Generation = YES;
				INFOPLIST_KEY_UISupportedInterfaceOrientations_iPad = "UIInterfaceOrientationPortrait UIInterfaceOrientationPortraitUpsideDown UIInterfaceOrientationLandscapeLeft UIInterfaceOrientationLandscapeRight";
				INFOPLIST_KEY_UISupportedInterfaceOrientations_iPhone = "UIInterfaceOrientationPortrait UIInterfaceOrientationLandscapeLeft UIInterfaceOrientationLandscapeRight";
				LD_RUNPATH_SEARCH_PATHS = (
					"$(inherited)",
					"@executable_path/Frameworks",
				);
				MARKETING_VERSION = 1.0;
				PRODUCT_BUNDLE_IDENTIFIER = com.marc.Gitttttt;
				PRODUCT_NAME = "$(TARGET_NAME)";
				SWIFT_EMIT_LOC_STRINGS = YES;
				SWIFT_VERSION = 5.0;
				TARGETED_DEVICE_FAMILY = "1,2";
			};
			name = Release;
		};
		CED69A152CA3EED500B6B6DF /* Debug */ = {
			isa = XCBuildConfiguration;
			buildSettings = {
				BUNDLE_LOADER = "$(TEST_HOST)";
				CODE_SIGN_STYLE = Automatic;
				CURRENT_PROJECT_VERSION = 1;
				DEVELOPMENT_TEAM = 3MXZPFY9BD;
				GENERATE_INFOPLIST_FILE = YES;
				IPHONEOS_DEPLOYMENT_TARGET = 18.0;
				MARKETING_VERSION = 1.0;
				PRODUCT_BUNDLE_IDENTIFIER = com.marc.GittttttTests;
				PRODUCT_NAME = "$(TARGET_NAME)";
				SWIFT_EMIT_LOC_STRINGS = NO;
				SWIFT_VERSION = 5.0;
				TARGETED_DEVICE_FAMILY = "1,2";
				TEST_HOST = "$(BUILT_PRODUCTS_DIR)/Gitttttt.app/$(BUNDLE_EXECUTABLE_FOLDER_PATH)/Gitttttt";
			};
			name = Debug;
		};
		CED69A162CA3EED500B6B6DF /* Release */ = {
			isa = XCBuildConfiguration;
			buildSettings = {
				BUNDLE_LOADER = "$(TEST_HOST)";
				CODE_SIGN_STYLE = Automatic;
				CURRENT_PROJECT_VERSION = 1;
				DEVELOPMENT_TEAM = 3MXZPFY9BD;
				GENERATE_INFOPLIST_FILE = YES;
				IPHONEOS_DEPLOYMENT_TARGET = 18.0;
				MARKETING_VERSION = 1.0;
				PRODUCT_BUNDLE_IDENTIFIER = com.marc.GittttttTests;
				PRODUCT_NAME = "$(TARGET_NAME)";
				SWIFT_EMIT_LOC_STRINGS = NO;
				SWIFT_VERSION = 5.0;
				TARGETED_DEVICE_FAMILY = "1,2";
				TEST_HOST = "$(BUILT_PRODUCTS_DIR)/Gitttttt.app/$(BUNDLE_EXECUTABLE_FOLDER_PATH)/Gitttttt";
			};
			name = Release;
		};
		CED69A182CA3EED500B6B6DF /* Debug */ = {
			isa = XCBuildConfiguration;
			buildSettings = {
				CODE_SIGN_STYLE = Automatic;
				CURRENT_PROJECT_VERSION = 1;
				DEVELOPMENT_TEAM = 3MXZPFY9BD;
				GENERATE_INFOPLIST_FILE = YES;
				MARKETING_VERSION = 1.0;
				PRODUCT_BUNDLE_IDENTIFIER = com.marc.GittttttUITests;
				PRODUCT_NAME = "$(TARGET_NAME)";
				SWIFT_EMIT_LOC_STRINGS = NO;
				SWIFT_VERSION = 5.0;
				TARGETED_DEVICE_FAMILY = "1,2";
				TEST_TARGET_NAME = Gitttttt;
			};
			name = Debug;
		};
		CED69A192CA3EED500B6B6DF /* Release */ = {
			isa = XCBuildConfiguration;
			buildSettings = {
				CODE_SIGN_STYLE = Automatic;
				CURRENT_PROJECT_VERSION = 1;
				DEVELOPMENT_TEAM = 3MXZPFY9BD;
				GENERATE_INFOPLIST_FILE = YES;
				MARKETING_VERSION = 1.0;
				PRODUCT_BUNDLE_IDENTIFIER = com.marc.GittttttUITests;
				PRODUCT_NAME = "$(TARGET_NAME)";
				SWIFT_EMIT_LOC_STRINGS = NO;
				SWIFT_VERSION = 5.0;
				TARGETED_DEVICE_FAMILY = "1,2";
				TEST_TARGET_NAME = Gitttttt;
			};
			name = Release;
		};
/* End XCBuildConfiguration section */

/* Begin XCConfigurationList section */
		CED699E82CA3EED300B6B6DF /* Build configuration list for PBXProject "Gitttttt" */ = {
			isa = XCConfigurationList;
			buildConfigurations = (
				CED69A0F2CA3EED500B6B6DF /* Debug */,
				CED69A102CA3EED500B6B6DF /* Release */,
			);
			defaultConfigurationIsVisible = 0;
			defaultConfigurationName = Release;
		};
		CED69A112CA3EED500B6B6DF /* Build configuration list for PBXNativeTarget "Gitttttt" */ = {
			isa = XCConfigurationList;
			buildConfigurations = (
				CED69A122CA3EED500B6B6DF /* Debug */,
				CED69A132CA3EED500B6B6DF /* Release */,
			);
			defaultConfigurationIsVisible = 0;
			defaultConfigurationName = Release;
		};
		CED69A142CA3EED500B6B6DF /* Build configuration list for PBXNativeTarget "GittttttTests" */ = {
			isa = XCConfigurationList;
			buildConfigurations = (
				CED69A152CA3EED500B6B6DF /* Debug */,
				CED69A162CA3EED500B6B6DF /* Release */,
			);
			defaultConfigurationIsVisible = 0;
			defaultConfigurationName = Release;
		};
		CED69A172CA3EED500B6B6DF /* Build configuration list for PBXNativeTarget "GittttttUITests" */ = {
			isa = XCConfigurationList;
			buildConfigurations = (
				CED69A182CA3EED500B6B6DF /* Debug */,
				CED69A192CA3EED500B6B6DF /* Release */,
			);
			defaultConfigurationIsVisible = 0;
			defaultConfigurationName = Release;
		};
/* End XCConfigurationList section */
	};
	rootObject = CED699E52CA3EED300B6B6DF /* Project object */;
}
